
Microsoft Visual Studio Solution File, Format Version 11.00
# Visual Studio 2010
Project("{8BC9CEB8-8B4A-11D0-8D11-00A0C91BC942}") = "Demo_vc9", "Demo_vc9.vcxproj", "{6F076455-D955-45D4-9C68-4AD4E45F2D47}"
EndProject
Global
	GlobalSection(SolutionConfigurationPlatforms) = preSolution
		Debug|Win32 = Debug|Win32
		Release|Win32 = Release|Win32
	EndGlobalSection
	GlobalSection(ProjectConfigurationPlatforms) = postSolution
		{6F076455-D955-45D4-9C68-4AD4E45F2D47}.Debug|Win32.ActiveCfg = Debug|Win32
		{6F076455-D955-45D4-9C68-4AD4E45F2D47}.Debug|Win32.Build.0 = Debug|Win32
		{6F076455-D955-45D4-9C68-4AD4E45F2D47}.Release|Win32.ActiveCfg = Release|Win32
		{6F076455-D955-45D4-9C68-4AD4E45F2D47}.Release|Win32.Build.0 = Release|Win32
	EndGlobalSection
	GlobalSection(SolutionProperties) = preSolution
		HideSolutionNode = FALSE
	EndGlobalSection
EndGlobal
