
Microsoft Visual Studio Solution File, Format Version 11.00
# Visual Studio 2010
Project("{8BC9CEB8-8B4A-11D0-8D11-00A0C91BC942}") = "MyCS", "MyCS\CrazyCar.vcxproj", "{1D5834EC-98B4-4E39-A7AC-4E754F4D66FC}"
EndProject
Project("{8BC9CEB8-8B4A-11D0-8D11-00A0C91BC942}") = "INetWork", "INetWork\INetWork.vcxproj", "{99A1FE48-FB35-4D3F-B7B6-A05EED3B2F80}"
EndProject
Project("{8BC9CEB8-8B4A-11D0-8D11-00A0C91BC942}") = "IGameLogic", "IGameLogic\IGameLogic.vcxproj", "{3FB75341-1D64-4298-BDE7-A362B7BF6783}"
EndProject
Project("{8BC9CEB8-8B4A-11D0-8D11-00A0C91BC942}") = "ISound", "ISound\ISound.vcxproj", "{687FB890-665E-4BBE-9B63-3A6D3E0341F8}"
EndProject
Project("{8BC9CEB8-8B4A-11D0-8D11-00A0C91BC942}") = "IMap", "IMap\IMap.vcxproj", "{BFEF7BD8-EC3F-4FBE-9A57-E18CB3A138B9}"
EndProject
Global
	GlobalSection(SolutionConfigurationPlatforms) = preSolution
		Debug|Win32 = Debug|Win32
		Release|Win32 = Release|Win32
	EndGlobalSection
	GlobalSection(ProjectConfigurationPlatforms) = postSolution
		{1D5834EC-98B4-4E39-A7AC-4E754F4D66FC}.Debug|Win32.ActiveCfg = Debug|Win32
		{1D5834EC-98B4-4E39-A7AC-4E754F4D66FC}.Debug|Win32.Build.0 = Debug|Win32
		{1D5834EC-98B4-4E39-A7AC-4E754F4D66FC}.Release|Win32.ActiveCfg = Release|Win32
		{1D5834EC-98B4-4E39-A7AC-4E754F4D66FC}.Release|Win32.Build.0 = Release|Win32
		{99A1FE48-FB35-4D3F-B7B6-A05EED3B2F80}.Debug|Win32.ActiveCfg = Debug|Win32
		{99A1FE48-FB35-4D3F-B7B6-A05EED3B2F80}.Debug|Win32.Build.0 = Debug|Win32
		{99A1FE48-FB35-4D3F-B7B6-A05EED3B2F80}.Release|Win32.ActiveCfg = Release|Win32
		{99A1FE48-FB35-4D3F-B7B6-A05EED3B2F80}.Release|Win32.Build.0 = Release|Win32
		{3FB75341-1D64-4298-BDE7-A362B7BF6783}.Debug|Win32.ActiveCfg = Debug|Win32
		{3FB75341-1D64-4298-BDE7-A362B7BF6783}.Debug|Win32.Build.0 = Debug|Win32
		{3FB75341-1D64-4298-BDE7-A362B7BF6783}.Release|Win32.ActiveCfg = Release|Win32
		{3FB75341-1D64-4298-BDE7-A362B7BF6783}.Release|Win32.Build.0 = Release|Win32
		{687FB890-665E-4BBE-9B63-3A6D3E0341F8}.Debug|Win32.ActiveCfg = Debug|Win32
		{687FB890-665E-4BBE-9B63-3A6D3E0341F8}.Debug|Win32.Build.0 = Debug|Win32
		{687FB890-665E-4BBE-9B63-3A6D3E0341F8}.Release|Win32.ActiveCfg = Release|Win32
		{687FB890-665E-4BBE-9B63-3A6D3E0341F8}.Release|Win32.Build.0 = Release|Win32
		{BFEF7BD8-EC3F-4FBE-9A57-E18CB3A138B9}.Debug|Win32.ActiveCfg = Debug|Win32
		{BFEF7BD8-EC3F-4FBE-9A57-E18CB3A138B9}.Debug|Win32.Build.0 = Debug|Win32
		{BFEF7BD8-EC3F-4FBE-9A57-E18CB3A138B9}.Release|Win32.ActiveCfg = Release|Win32
		{BFEF7BD8-EC3F-4FBE-9A57-E18CB3A138B9}.Release|Win32.Build.0 = Release|Win32
	EndGlobalSection
	GlobalSection(SolutionProperties) = preSolution
		HideSolutionNode = FALSE
	EndGlobalSection
EndGlobal
