<?xml version="1.0" encoding="utf-8"?>
<Project ToolsVersion="4.0" xmlns="http://schemas.microsoft.com/developer/msbuild/2003">
  <ItemGroup>
    <Filter Include="源文件">
      <UniqueIdentifier>{4FC737F1-C7A5-4376-A066-2A32D752A2FF}</UniqueIdentifier>
      <Extensions>cpp;c;cc;cxx;def;odl;idl;hpj;bat;asm;asmx</Extensions>
    </Filter>
    <Filter Include="头文件">
      <UniqueIdentifier>{93995380-89BD-4b04-88EB-625FBE52EBFB}</UniqueIdentifier>
      <Extensions>h;hpp;hxx;hm;inl;inc;xsd</Extensions>
    </Filter>
    <Filter Include="资源文件">
      <UniqueIdentifier>{67DA6AB6-F800-4c08-8B7A-83BB121AAD01}</UniqueIdentifier>
      <Extensions>rc;ico;cur;bmp;dlg;rc2;rct;bin;rgs;gif;jpg;jpeg;jpe;resx;tiff;tif;png;wav;mfcribbon-ms</Extensions>
    </Filter>
    <Filter Include="Python">
      <UniqueIdentifier>{2488ab90-bbab-4cf8-928b-bfdc5004088d}</UniqueIdentifier>
    </Filter>
    <Filter Include="Engine">
      <UniqueIdentifier>{3c8bef89-c124-4087-934e-604d1fc2c122}</UniqueIdentifier>
    </Filter>
    <Filter Include="Models">
      <UniqueIdentifier>{ca3b946c-a23f-4108-8fce-1da982dc9e94}</UniqueIdentifier>
    </Filter>
    <Filter Include="Control">
      <UniqueIdentifier>{b8168237-5d23-4925-8bc9-9c8ee5c1659a}</UniqueIdentifier>
    </Filter>
    <Filter Include="Utility">
      <UniqueIdentifier>{1421c65f-486a-4400-97a2-1b5665ae1029}</UniqueIdentifier>
    </Filter>
    <Filter Include="Network">
      <UniqueIdentifier>{50478ed2-dba6-4357-a6a2-64d12e2740d8}</UniqueIdentifier>
    </Filter>
    <Filter Include="scene">
      <UniqueIdentifier>{ec7b65ed-9b89-4807-bd25-ed06a196412a}</UniqueIdentifier>
    </Filter>
    <Filter Include="UI">
      <UniqueIdentifier>{d494017d-63bf-400a-924f-03aa78a57adf}</UniqueIdentifier>
    </Filter>
    <Filter Include="Old Animation">
      <UniqueIdentifier>{90a42469-8204-419c-81d6-2a44c5e244f8}</UniqueIdentifier>
    </Filter>
    <Filter Include="Animation">
      <UniqueIdentifier>{b95af60f-a58e-4ce0-abed-b20b87ed9ebf}</UniqueIdentifier>
    </Filter>
    <Filter Include="UI\UIAnimators">
      <UniqueIdentifier>{7f912e8c-5412-468e-9305-b4b928b7e219}</UniqueIdentifier>
    </Filter>
  </ItemGroup>
  <ItemGroup>
    <ClCompile Include="main.cpp">
      <Filter>源文件</Filter>
    </ClCompile>
    <ClCompile Include="Game.cpp">
      <Filter>源文件</Filter>
    </ClCompile>
    <ClCompile Include="MyIrrlichtEngine.cpp">
      <Filter>Engine</Filter>
    </ClCompile>
    <ClCompile Include="ModuleControl.cpp">
      <Filter>Control</Filter>
    </ClCompile>
    <ClCompile Include="FlyBehavior.cpp">
      <Filter>Old Animation</Filter>
    </ClCompile>
    <ClCompile Include="IMissile.cpp">
      <Filter>Models</Filter>
    </ClCompile>
    <ClCompile Include="ModelManager.cpp">
      <Filter>Models</Filter>
    </ClCompile>
    <ClCompile Include="PythonWrapper.cpp">
      <Filter>Python</Filter>
    </ClCompile>
    <ClCompile Include="PythonModule.cpp">
      <Filter>Python</Filter>
    </ClCompile>
    <ClCompile Include="MultiplayerScene.cpp">
      <Filter>scene</Filter>
    </ClCompile>
    <ClCompile Include="PythonManager.cpp">
      <Filter>Python</Filter>
    </ClCompile>
    <ClCompile Include="StartScene.cpp">
      <Filter>scene</Filter>
    </ClCompile>
    <ClCompile Include="AnimationManager.cpp">
      <Filter>Engine</Filter>
    </ClCompile>
    <ClCompile Include="CSceneNodeAnimatorSelfDelFlyStraight.cpp">
      <Filter>Animation</Filter>
    </ClCompile>
    <ClCompile Include="IUIObject.cpp">
      <Filter>UI</Filter>
    </ClCompile>
    <ClCompile Include="UIManager.cpp">
      <Filter>UI</Filter>
    </ClCompile>
    <ClCompile Include="Flame.cpp">
      <Filter>源文件</Filter>
    </ClCompile>
    <ClCompile Include="AlphaChangeUIAnimator.cpp">
      <Filter>UI\UIAnimators</Filter>
    </ClCompile>
    <ClCompile Include="DeletionAnimator.cpp">
      <Filter>UI\UIAnimators</Filter>
    </ClCompile>
    <ClCompile Include="RotateUIAnimator.cpp">
      <Filter>UI\UIAnimators</Filter>
    </ClCompile>
    <ClCompile Include="ScaleUIAnimator.cpp">
      <Filter>UI\UIAnimators</Filter>
    </ClCompile>
    <ClCompile Include="TranslateUIAnimator.cpp">
      <Filter>UI\UIAnimators</Filter>
    </ClCompile>
    <ClCompile Include="Toolkit.cpp">
      <Filter>源文件</Filter>
    </ClCompile>
    <ClCompile Include="CSceneNodeAutoTrackAnimator.cpp">
      <Filter>Animation</Filter>
    </ClCompile>
    <ClCompile Include="BlinkUIAnimator.cpp">
      <Filter>UI\UIAnimators</Filter>
    </ClCompile>
    <ClCompile Include="UIImage.cpp">
      <Filter>UI</Filter>
    </ClCompile>
    <ClCompile Include="UIButton.cpp">
      <Filter>UI</Filter>
    </ClCompile>
    <ClCompile Include="MenuScene.cpp">
      <Filter>scene</Filter>
    </ClCompile>
    <ClCompile Include="AllUIObjects.h">
      <Filter>UI</Filter>
    </ClCompile>
    <ClCompile Include="PythonFixUI.cpp">
      <Filter>Python</Filter>
    </ClCompile>
  </ItemGroup>
  <ItemGroup>
    <ClInclude Include="EventListener.h">
      <Filter>Engine</Filter>
    </ClInclude>
    <ClInclude Include="MyIrrlichtEngine.h">
      <Filter>Engine</Filter>
    </ClInclude>
    <ClInclude Include="ModelManager.h">
      <Filter>Models</Filter>
    </ClInclude>
    <ClInclude Include="ModuleControl.h">
      <Filter>Control</Filter>
    </ClInclude>
    <ClInclude Include="AnimationManager.h">
      <Filter>Engine</Filter>
    </ClInclude>
    <ClInclude Include="FlyBehavior.h">
      <Filter>Old Animation</Filter>
    </ClInclude>
    <ClInclude Include="IFly.h">
      <Filter>Old Animation</Filter>
    </ClInclude>
    <ClInclude Include="def.h">
      <Filter>Utility</Filter>
    </ClInclude>
    <ClInclude Include="IClient.h">
      <Filter>Network</Filter>
    </ClInclude>
    <ClInclude Include="IServer.h">
      <Filter>Network</Filter>
    </ClInclude>
    <ClInclude Include="IMovable.h">
      <Filter>Old Animation</Filter>
    </ClInclude>
    <ClInclude Include="IAircraft.h">
      <Filter>Models</Filter>
    </ClInclude>
    <ClInclude Include="Aircraft.h">
      <Filter>Models</Filter>
    </ClInclude>
    <ClInclude Include="IMissile.h">
      <Filter>Models</Filter>
    </ClInclude>
    <ClInclude Include="PythonModule.h">
      <Filter>Python</Filter>
    </ClInclude>
    <ClInclude Include="EngineHeader.h">
      <Filter>Utility</Filter>
    </ClInclude>
    <ClInclude Include="PythonWrapper.h">
      <Filter>Python</Filter>
    </ClInclude>
    <ClInclude Include="GameScene.h">
      <Filter>scene</Filter>
    </ClInclude>
    <ClInclude Include="MultiplayerScene.h">
      <Filter>scene</Filter>
    </ClInclude>
    <ClInclude Include="PythonManager.h">
      <Filter>Python</Filter>
    </ClInclude>
    <ClInclude Include="StartScene.h">
      <Filter>scene</Filter>
    </ClInclude>
    <ClInclude Include="ISceneNodeAnimatorFinishing.h">
      <Filter>Animation</Filter>
    </ClInclude>
    <ClInclude Include="AllAnimators.h">
      <Filter>Animation</Filter>
    </ClInclude>
    <ClInclude Include="CSceneNodeAnimatorSelfDelFlyStraight.h">
      <Filter>Animation</Filter>
    </ClInclude>
    <ClInclude Include="TestAnimator.h">
      <Filter>Animation</Filter>
    </ClInclude>
    <ClInclude Include="IUIObject.h">
      <Filter>UI</Filter>
    </ClInclude>
    <ClInclude Include="UIManager.h">
      <Filter>UI</Filter>
    </ClInclude>
    <ClInclude Include="Flame.h">
      <Filter>头文件</Filter>
    </ClInclude>
    <ClInclude Include="AlphaChangeUIAnimator.h">
      <Filter>UI\UIAnimators</Filter>
    </ClInclude>
    <ClInclude Include="DeletionUIAnimator.h">
      <Filter>UI\UIAnimators</Filter>
    </ClInclude>
    <ClInclude Include="IUIAnimator.h">
      <Filter>UI\UIAnimators</Filter>
    </ClInclude>
    <ClInclude Include="RotateUIAnimator.h">
      <Filter>UI\UIAnimators</Filter>
    </ClInclude>
    <ClInclude Include="ScaleUIAnimator.h">
      <Filter>UI\UIAnimators</Filter>
    </ClInclude>
    <ClInclude Include="TranslateUIAnimator.h">
      <Filter>UI\UIAnimators</Filter>
    </ClInclude>
    <ClInclude Include="UIAnimators.h">
      <Filter>UI\UIAnimators</Filter>
    </ClInclude>
    <ClInclude Include="Toolkit.h">
      <Filter>头文件</Filter>
    </ClInclude>
    <ClInclude Include="CSceneNodeAutoTrackAnimator.h">
      <Filter>Animation</Filter>
    </ClInclude>
    <ClInclude Include="__array_1.pypp.hpp">
      <Filter>Python</Filter>
    </ClInclude>
    <ClInclude Include="MyIReferenceCounted.h">
      <Filter>UI</Filter>
    </ClInclude>
    <ClInclude Include="BlinkUIAnimator.h">
      <Filter>UI\UIAnimators</Filter>
    </ClInclude>
    <ClInclude Include="base.h">
      <Filter>Python</Filter>
    </ClInclude>
    <ClInclude Include="MenuScene.h">
      <Filter>scene</Filter>
    </ClInclude>
    <ClInclude Include="UIButton.h">
      <Filter>UI</Filter>
    </ClInclude>
    <ClInclude Include="UIImage.h">
      <Filter>UI</Filter>
    </ClInclude>
  </ItemGroup>
  <ItemGroup>
    <None Include="..\..\..\bin\a.py">
      <Filter>Python</Filter>
    </None>
    <None Include="..\..\..\bin\client.py">
      <Filter>Python</Filter>
    </None>
    <None Include="..\..\..\bin\WEB.py">
      <Filter>Python</Filter>
    </None>
    <None Include="..\..\..\bin\ModelLoader.py">
      <Filter>Python</Filter>
    </None>
    <None Include="..\..\..\bin\scene.py">
      <Filter>Python</Filter>
    </None>
    <None Include="..\..\..\bin\UILoader.py">
      <Filter>Python</Filter>
    </None>
    <None Include="..\..\..\bin\MainMenuIni.py">
      <Filter>Python</Filter>
    </None>
    <None Include="..\..\..\bin\setup.py">
      <Filter>Python</Filter>
    </None>
    <None Include="..\..\..\bin\StartScene.py">
      <Filter>Python</Filter>
    </None>
  </ItemGroup>
</Project>