
Microsoft Visual Studio Solution File, Format Version 11.00
# Visual Studio 2010
Project("{8BC9CEB8-8B4A-11D0-8D11-00A0C91BC942}") = "Scar", "Scar\Scar.vcxproj", "{15455574-648B-4D2C-9903-236331D4F650}"
EndProject
Global
	GlobalSection(SubversionScc) = preSolution
		Svn-Managed = True
		Manager = AnkhSVN - Subversion Support for Visual Studio
	EndGlobalSection
	GlobalSection(SolutionConfigurationPlatforms) = preSolution
		Debug|Any CPU = Debug|Any CPU
		Debug|Mixed Platforms = Debug|Mixed Platforms
		Debug|Win32 = Debug|Win32
		Release - Fast FPU|Any CPU = Release - Fast FPU|Any CPU
		Release - Fast FPU|Mixed Platforms = Release - Fast FPU|Mixed Platforms
		Release - Fast FPU|Win32 = Release - Fast FPU|Win32
		Release|Any CPU = Release|Any CPU
		Release|Mixed Platforms = Release|Mixed Platforms
		Release|Win32 = Release|Win32
		SDL-Debug|Any CPU = SDL-Debug|Any CPU
		SDL-Debug|Mixed Platforms = SDL-Debug|Mixed Platforms
		SDL-Debug|Win32 = SDL-Debug|Win32
		Static lib - Debug|Any CPU = Static lib - Debug|Any CPU
		Static lib - Debug|Mixed Platforms = Static lib - Debug|Mixed Platforms
		Static lib - Debug|Win32 = Static lib - Debug|Win32
		Static lib - Release - Fast FPU|Any CPU = Static lib - Release - Fast FPU|Any CPU
		Static lib - Release - Fast FPU|Mixed Platforms = Static lib - Release - Fast FPU|Mixed Platforms
		Static lib - Release - Fast FPU|Win32 = Static lib - Release - Fast FPU|Win32
		Static lib - Release|Any CPU = Static lib - Release|Any CPU
		Static lib - Release|Mixed Platforms = Static lib - Release|Mixed Platforms
		Static lib - Release|Win32 = Static lib - Release|Win32
	EndGlobalSection
	GlobalSection(ProjectConfigurationPlatforms) = postSolution
		{15455574-648B-4D2C-9903-236331D4F650}.Debug|Any CPU.ActiveCfg = Debug|Win32
		{15455574-648B-4D2C-9903-236331D4F650}.Debug|Mixed Platforms.ActiveCfg = Debug|Win32
		{15455574-648B-4D2C-9903-236331D4F650}.Debug|Mixed Platforms.Build.0 = Debug|Win32
		{15455574-648B-4D2C-9903-236331D4F650}.Debug|Win32.ActiveCfg = Debug|Win32
		{15455574-648B-4D2C-9903-236331D4F650}.Debug|Win32.Build.0 = Debug|Win32
		{15455574-648B-4D2C-9903-236331D4F650}.Release - Fast FPU|Any CPU.ActiveCfg = Release|Win32
		{15455574-648B-4D2C-9903-236331D4F650}.Release - Fast FPU|Mixed Platforms.ActiveCfg = Release|Win32
		{15455574-648B-4D2C-9903-236331D4F650}.Release - Fast FPU|Mixed Platforms.Build.0 = Release|Win32
		{15455574-648B-4D2C-9903-236331D4F650}.Release - Fast FPU|Win32.ActiveCfg = Release|Win32
		{15455574-648B-4D2C-9903-236331D4F650}.Release - Fast FPU|Win32.Build.0 = Release|Win32
		{15455574-648B-4D2C-9903-236331D4F650}.Release|Any CPU.ActiveCfg = Release|Win32
		{15455574-648B-4D2C-9903-236331D4F650}.Release|Mixed Platforms.ActiveCfg = Release|Win32
		{15455574-648B-4D2C-9903-236331D4F650}.Release|Mixed Platforms.Build.0 = Release|Win32
		{15455574-648B-4D2C-9903-236331D4F650}.Release|Win32.ActiveCfg = Release|Win32
		{15455574-648B-4D2C-9903-236331D4F650}.Release|Win32.Build.0 = Release|Win32
		{15455574-648B-4D2C-9903-236331D4F650}.SDL-Debug|Any CPU.ActiveCfg = Debug|Win32
		{15455574-648B-4D2C-9903-236331D4F650}.SDL-Debug|Mixed Platforms.ActiveCfg = Debug|Win32
		{15455574-648B-4D2C-9903-236331D4F650}.SDL-Debug|Mixed Platforms.Build.0 = Debug|Win32
		{15455574-648B-4D2C-9903-236331D4F650}.SDL-Debug|Win32.ActiveCfg = Debug|Win32
		{15455574-648B-4D2C-9903-236331D4F650}.SDL-Debug|Win32.Build.0 = Debug|Win32
		{15455574-648B-4D2C-9903-236331D4F650}.Static lib - Debug|Any CPU.ActiveCfg = Debug|Win32
		{15455574-648B-4D2C-9903-236331D4F650}.Static lib - Debug|Mixed Platforms.ActiveCfg = Debug|Win32
		{15455574-648B-4D2C-9903-236331D4F650}.Static lib - Debug|Mixed Platforms.Build.0 = Debug|Win32
		{15455574-648B-4D2C-9903-236331D4F650}.Static lib - Debug|Win32.ActiveCfg = Debug|Win32
		{15455574-648B-4D2C-9903-236331D4F650}.Static lib - Debug|Win32.Build.0 = Debug|Win32
		{15455574-648B-4D2C-9903-236331D4F650}.Static lib - Release - Fast FPU|Any CPU.ActiveCfg = Release|Win32
		{15455574-648B-4D2C-9903-236331D4F650}.Static lib - Release - Fast FPU|Mixed Platforms.ActiveCfg = Release|Win32
		{15455574-648B-4D2C-9903-236331D4F650}.Static lib - Release - Fast FPU|Mixed Platforms.Build.0 = Release|Win32
		{15455574-648B-4D2C-9903-236331D4F650}.Static lib - Release - Fast FPU|Win32.ActiveCfg = Release|Win32
		{15455574-648B-4D2C-9903-236331D4F650}.Static lib - Release - Fast FPU|Win32.Build.0 = Release|Win32
		{15455574-648B-4D2C-9903-236331D4F650}.Static lib - Release|Any CPU.ActiveCfg = Release|Win32
		{15455574-648B-4D2C-9903-236331D4F650}.Static lib - Release|Mixed Platforms.ActiveCfg = Release|Win32
		{15455574-648B-4D2C-9903-236331D4F650}.Static lib - Release|Mixed Platforms.Build.0 = Release|Win32
		{15455574-648B-4D2C-9903-236331D4F650}.Static lib - Release|Win32.ActiveCfg = Release|Win32
		{15455574-648B-4D2C-9903-236331D4F650}.Static lib - Release|Win32.Build.0 = Release|Win32
	EndGlobalSection
	GlobalSection(SolutionProperties) = preSolution
		HideSolutionNode = FALSE
	EndGlobalSection
EndGlobal
